
Microsoft Visual Studio Solution File, Format Version 12.00
# Visual Studio Version 17
VisualStudioVersion = 17.1.32228.430
MinimumVisualStudioVersion = 10.0.40219.1
Project("{FAE04EC0-301F-11D3-BF4B-00C04F79EFBC}") = "task2", "task2\task2.csproj", "{CF7CDBFA-16B6-4FBD-9761-34A365956AAE}"
EndProject
Global
	GlobalSection(SolutionConfigurationPlatforms) = preSolution
		Debug|Any CPU = Debug|Any CPU
		Release|Any CPU = Release|Any CPU
	EndGlobalSection
	GlobalSection(ProjectConfigurationPlatforms) = postSolution
		{CF7CDBFA-16B6-4FBD-9761-34A365956AAE}.Debug|Any CPU.ActiveCfg = Debug|Any CPU
		{CF7CDBFA-16B6-4FBD-9761-34A365956AAE}.Debug|Any CPU.Build.0 = Debug|Any CPU
		{CF7CDBFA-16B6-4FBD-9761-34A365956AAE}.Release|Any CPU.ActiveCfg = Release|Any CPU
		{CF7CDBFA-16B6-4FBD-9761-34A365956AAE}.Release|Any CPU.Build.0 = Release|Any CPU
	EndGlobalSection
	GlobalSection(SolutionProperties) = preSolution
		HideSolutionNode = FALSE
	EndGlobalSection
	GlobalSection(ExtensibilityGlobals) = postSolution
		SolutionGuid = {A299F42F-B238-4DA9-84D5-DB6B9F2C270F}
	EndGlobalSection
EndGlobal
